{
  "name": "jose-poc",
  "version": "1.0.0",
  "lockfileVersion": 2,
  "requires": true,
  "packages": {
    "": {
      "version": "1.0.0",
      "license": "ISC",
      "devDependencies": {
        "jose": "^3.12.3"
      }
    },
    "node_modules/jose": {
      "version": "3.12.3",
      "resolved": "https://registry.npmjs.org/jose/-/jose-3.12.3.tgz",
      "integrity": "sha512-PtT5I/omolkItXxKu+BhyrBhoYpmJAIPiG+W00BwZ4I3gT9rl8pLnK5cs2ha0LAknMxLVvM3UexcuYwNUkQ7aw==",
      "dev": true,
      "funding": {
        "url": "https://github.com/sponsors/panva"
      }
    }
  },
  "dependencies": {
    "jose": {
      "version": "3.12.3",
      "resolved": "https://registry.npmjs.org/jose/-/jose-3.12.3.tgz",
      "integrity": "sha512-PtT5I/omolkItXxKu+BhyrBhoYpmJAIPiG+W00BwZ4I3gT9rl8pLnK5cs2ha0LAknMxLVvM3UexcuYwNUkQ7aw==",
      "dev": true
    }
  }
}
